
Microsoft Visual Studio Solution File, Format Version 12.00
# Visual Studio Version 16
VisualStudioVersion = 16.0.30011.22
MinimumVisualStudioVersion = 10.0.40219.1
Project("{FAE04EC0-301F-11D3-BF4B-00C04F79EFBC}") = "BlackJackFinalProjectNetCoreMVC", "BlackJackFinalProjectNetCoreMVC.csproj", "{71335891-B9B4-4DDE-A7B9-1D5FEAF3F9E1}"
EndProject
Global
	GlobalSection(SolutionConfigurationPlatforms) = preSolution
		Debug|Any CPU = Debug|Any CPU
		Release|Any CPU = Release|Any CPU
	EndGlobalSection
	GlobalSection(ProjectConfigurationPlatforms) = postSolution
		{71335891-B9B4-4DDE-A7B9-1D5FEAF3F9E1}.Debug|Any CPU.ActiveCfg = Debug|Any CPU
		{71335891-B9B4-4DDE-A7B9-1D5FEAF3F9E1}.Debug|Any CPU.Build.0 = Debug|Any CPU
		{71335891-B9B4-4DDE-A7B9-1D5FEAF3F9E1}.Release|Any CPU.ActiveCfg = Release|Any CPU
		{71335891-B9B4-4DDE-A7B9-1D5FEAF3F9E1}.Release|Any CPU.Build.0 = Release|Any CPU
	EndGlobalSection
	GlobalSection(SolutionProperties) = preSolution
		HideSolutionNode = FALSE
	EndGlobalSection
	GlobalSection(ExtensibilityGlobals) = postSolution
		SolutionGuid = {7ECD4929-DE5F-4728-A5C2-F7B029F91C29}
	EndGlobalSection
EndGlobal
